
Microsoft Visual Studio Solution File, Format Version 11.00
# Visual Studio 2010
Project("{FAE04EC0-301F-11D3-BF4B-00C04F79EFBC}") = "Common", "Common\Common.csproj", "{024866DC-D66E-4658-BA21-EE504683DC29}"
EndProject
Project("{FAE04EC0-301F-11D3-BF4B-00C04F79EFBC}") = "DAL", "DAL\DAL.csproj", "{29CE932C-B7D1-48BD-BB9E-7A35FD62EBA4}"
EndProject
Project("{FAE04EC0-301F-11D3-BF4B-00C04F79EFBC}") = "Test", "Test\Test.csproj", "{DDF67FCA-4175-46AD-83FC-910ADCFD2168}"
EndProject
Global
	GlobalSection(SolutionConfigurationPlatforms) = preSolution
		Debug|Any CPU = Debug|Any CPU
		Debug|Mixed Platforms = Debug|Mixed Platforms
		Debug|x86 = Debug|x86
		Release|Any CPU = Release|Any CPU
		Release|Mixed Platforms = Release|Mixed Platforms
		Release|x86 = Release|x86
	EndGlobalSection
	GlobalSection(ProjectConfigurationPlatforms) = postSolution
		{024866DC-D66E-4658-BA21-EE504683DC29}.Debug|Any CPU.ActiveCfg = Debug|Any CPU
		{024866DC-D66E-4658-BA21-EE504683DC29}.Debug|Any CPU.Build.0 = Debug|Any CPU
		{024866DC-D66E-4658-BA21-EE504683DC29}.Debug|Mixed Platforms.ActiveCfg = Debug|Any CPU
		{024866DC-D66E-4658-BA21-EE504683DC29}.Debug|Mixed Platforms.Build.0 = Debug|Any CPU
		{024866DC-D66E-4658-BA21-EE504683DC29}.Debug|x86.ActiveCfg = Debug|Any CPU
		{024866DC-D66E-4658-BA21-EE504683DC29}.Release|Any CPU.ActiveCfg = Release|Any CPU
		{024866DC-D66E-4658-BA21-EE504683DC29}.Release|Any CPU.Build.0 = Release|Any CPU
		{024866DC-D66E-4658-BA21-EE504683DC29}.Release|Mixed Platforms.ActiveCfg = Release|Any CPU
		{024866DC-D66E-4658-BA21-EE504683DC29}.Release|Mixed Platforms.Build.0 = Release|Any CPU
		{024866DC-D66E-4658-BA21-EE504683DC29}.Release|x86.ActiveCfg = Release|Any CPU
		{29CE932C-B7D1-48BD-BB9E-7A35FD62EBA4}.Debug|Any CPU.ActiveCfg = Debug|Any CPU
		{29CE932C-B7D1-48BD-BB9E-7A35FD62EBA4}.Debug|Any CPU.Build.0 = Debug|Any CPU
		{29CE932C-B7D1-48BD-BB9E-7A35FD62EBA4}.Debug|Mixed Platforms.ActiveCfg = Debug|Any CPU
		{29CE932C-B7D1-48BD-BB9E-7A35FD62EBA4}.Debug|Mixed Platforms.Build.0 = Debug|Any CPU
		{29CE932C-B7D1-48BD-BB9E-7A35FD62EBA4}.Debug|x86.ActiveCfg = Debug|Any CPU
		{29CE932C-B7D1-48BD-BB9E-7A35FD62EBA4}.Release|Any CPU.ActiveCfg = Release|Any CPU
		{29CE932C-B7D1-48BD-BB9E-7A35FD62EBA4}.Release|Any CPU.Build.0 = Release|Any CPU
		{29CE932C-B7D1-48BD-BB9E-7A35FD62EBA4}.Release|Mixed Platforms.ActiveCfg = Release|Any CPU
		{29CE932C-B7D1-48BD-BB9E-7A35FD62EBA4}.Release|Mixed Platforms.Build.0 = Release|Any CPU
		{29CE932C-B7D1-48BD-BB9E-7A35FD62EBA4}.Release|x86.ActiveCfg = Release|Any CPU
		{DDF67FCA-4175-46AD-83FC-910ADCFD2168}.Debug|Any CPU.ActiveCfg = Debug|x86
		{DDF67FCA-4175-46AD-83FC-910ADCFD2168}.Debug|Mixed Platforms.ActiveCfg = Debug|x86
		{DDF67FCA-4175-46AD-83FC-910ADCFD2168}.Debug|Mixed Platforms.Build.0 = Debug|x86
		{DDF67FCA-4175-46AD-83FC-910ADCFD2168}.Debug|x86.ActiveCfg = Debug|x86
		{DDF67FCA-4175-46AD-83FC-910ADCFD2168}.Debug|x86.Build.0 = Debug|x86
		{DDF67FCA-4175-46AD-83FC-910ADCFD2168}.Release|Any CPU.ActiveCfg = Release|x86
		{DDF67FCA-4175-46AD-83FC-910ADCFD2168}.Release|Mixed Platforms.ActiveCfg = Release|x86
		{DDF67FCA-4175-46AD-83FC-910ADCFD2168}.Release|Mixed Platforms.Build.0 = Release|x86
		{DDF67FCA-4175-46AD-83FC-910ADCFD2168}.Release|x86.ActiveCfg = Release|x86
		{DDF67FCA-4175-46AD-83FC-910ADCFD2168}.Release|x86.Build.0 = Release|x86
	EndGlobalSection
	GlobalSection(SolutionProperties) = preSolution
		HideSolutionNode = FALSE
	EndGlobalSection
EndGlobal
